
Microsoft Visual Studio Solution File, Format Version 12.00
# Visual Studio Version 16
VisualStudioVersion = 16.0.30330.147
MinimumVisualStudioVersion = 10.0.40219.1
Project("{FAE04EC0-301F-11D3-BF4B-00C04F79EFBC}") = "EmployeeDB.webApi", "EmployeeDB.webApi\EmployeeDB.webApi.csproj", "{5A0DA181-0EA8-4B65-A0C2-115E6A8B460C}"
EndProject
Project("{FAE04EC0-301F-11D3-BF4B-00C04F79EFBC}") = "EmployeeDB.Client", "EmployeeDB.Client\EmployeeDB.Client.csproj", "{F8E5465C-0D60-4B10-A7AD-3948EBB71689}"
EndProject
Global
	GlobalSection(SolutionConfigurationPlatforms) = preSolution
		Debug|Any CPU = Debug|Any CPU
		Release|Any CPU = Release|Any CPU
	EndGlobalSection
	GlobalSection(ProjectConfigurationPlatforms) = postSolution
		{5A0DA181-0EA8-4B65-A0C2-115E6A8B460C}.Debug|Any CPU.ActiveCfg = Debug|Any CPU
		{5A0DA181-0EA8-4B65-A0C2-115E6A8B460C}.Debug|Any CPU.Build.0 = Debug|Any CPU
		{5A0DA181-0EA8-4B65-A0C2-115E6A8B460C}.Release|Any CPU.ActiveCfg = Release|Any CPU
		{5A0DA181-0EA8-4B65-A0C2-115E6A8B460C}.Release|Any CPU.Build.0 = Release|Any CPU
		{F8E5465C-0D60-4B10-A7AD-3948EBB71689}.Debug|Any CPU.ActiveCfg = Debug|Any CPU
		{F8E5465C-0D60-4B10-A7AD-3948EBB71689}.Debug|Any CPU.Build.0 = Debug|Any CPU
		{F8E5465C-0D60-4B10-A7AD-3948EBB71689}.Release|Any CPU.ActiveCfg = Release|Any CPU
		{F8E5465C-0D60-4B10-A7AD-3948EBB71689}.Release|Any CPU.Build.0 = Release|Any CPU
	EndGlobalSection
	GlobalSection(SolutionProperties) = preSolution
		HideSolutionNode = FALSE
	EndGlobalSection
	GlobalSection(ExtensibilityGlobals) = postSolution
		SolutionGuid = {AF00EA2D-164E-4ECF-8967-95336E96D254}
	EndGlobalSection
EndGlobal
